// !$*UTF8*$!
{
	archiveVersion = 1;
	classes = {
	};
	objectVersion = 56;
	objects = {

/* Begin PBXBuildFile section */
		8B191FE02B91D0BE00277C0C /* GetJSON.swift in Sources */ = {isa = PBXBuildFile; fileRef = 8B191FDF2B91D0BE00277C0C /* GetJSON.swift */; };
		8BE369B02B9147CC00D501B2 /* omedetouApp.swift in Sources */ = {isa = PBXBuildFile; fileRef = 8BE369AF2B9147CC00D501B2 /* omedetouApp.swift */; };
		8BE369B22B9147CC00D501B2 /* ContentView.swift in Sources */ = {isa = PBXBuildFile; fileRef = 8BE369B12B9147CC00D501B2 /* ContentView.swift */; };
		8BE369B42B9147CD00D501B2 /* Assets.xcassets in Resources */ = {isa = PBXBuildFile; fileRef = 8BE369B32B9147CD00D501B2 /* Assets.xcassets */; };
		8BE369B72B9147CD00D501B2 /* Preview Assets.xcassets in Resources */ = {isa = PBXBuildFile; fileRef = 8BE369B62B9147CD00D501B2 /* Preview Assets.xcassets */; };
		8BE369C12B9147CD00D501B2 /* omedetouTests.swift in Sources */ = {isa = PBXBuildFile; fileRef = 8BE369C02B9147CD00D501B2 /* omedetouTests.swift */; };
		8BE369CB2B9147CD00D501B2 /* omedetouUITests.swift in Sources */ = {isa = PBXBuildFile; fileRef = 8BE369CA2B9147CD00D501B2 /* omedetouUITests.swift */; };
		8BE369CD2B9147CD00D501B2 /* omedetouUITestsLaunchTests.swift in Sources */ = {isa = PBXBuildFile; fileRef = 8BE369CC2B9147CD00D501B2 /* omedetouUITestsLaunchTests.swift */; };
/* End PBXBuildFile section */

/* Begin PBXContainerItemProxy section */
		8BE369BD2B9147CD00D501B2 /* PBXContainerItemProxy */ = {
			isa = PBXContainerItemProxy;
			containerPortal = 8BE369A42B9147CC00D501B2 /* Project object */;
			proxyType = 1;
			remoteGlobalIDString = 8BE369AB2B9147CC00D501B2;
			remoteInfo = omedetou;
		};
		8BE369C72B9147CD00D501B2 /* PBXContainerItemProxy */ = {
			isa = PBXContainerItemProxy;
			containerPortal = 8BE369A42B9147CC00D501B2 /* Project object */;
			proxyType = 1;
			remoteGlobalIDString = 8BE369AB2B9147CC00D501B2;
			remoteInfo = omedetou;
		};
/* End PBXContainerItemProxy section */

/* Begin PBXFileReference section */
		8B191FDF2B91D0BE00277C0C /* GetJSON.swift */ = {isa = PBXFileReference; lastKnownFileType = sourcecode.swift; path = GetJSON.swift; sourceTree = "<group>"; };
		8BE369AC2B9147CC00D501B2 /* omedetou.app */ = {isa = PBXFileReference; explicitFileType = wrapper.application; includeInIndex = 0; path = omedetou.app; sourceTree = BUILT_PRODUCTS_DIR; };
		8BE369AF2B9147CC00D501B2 /* omedetouApp.swift */ = {isa = PBXFileReference; lastKnownFileType = sourcecode.swift; path = omedetouApp.swift; sourceTree = "<group>"; };
		8BE369B12B9147CC00D501B2 /* ContentView.swift */ = {isa = PBXFileReference; lastKnownFileType = sourcecode.swift; path = ContentView.swift; sourceTree = "<group>"; };
		8BE369B32B9147CD00D501B2 /* Assets.xcassets */ = {isa = PBXFileReference; lastKnownFileType = folder.assetcatalog; path = Assets.xcassets; sourceTree = "<group>"; };
		8BE369B62B9147CD00D501B2 /* Preview Assets.xcassets */ = {isa = PBXFileReference; lastKnownFileType = folder.assetcatalog; path = "Preview Assets.xcassets"; sourceTree = "<group>"; };
		8BE369BC2B9147CD00D501B2 /* omedetouTests.xctest */ = {isa = PBXFileReference; explicitFileType = wrapper.cfbundle; includeInIndex = 0; path = omedetouTests.xctest; sourceTree = BUILT_PRODUCTS_DIR; };
		8BE369C02B9147CD00D501B2 /* omedetouTests.swift */ = {isa = PBXFileReference; lastKnownFileType = sourcecode.swift; path = omedetouTests.swift; sourceTree = "<group>"; };
		8BE369C62B9147CD00D501B2 /* omedetouUITests.xctest */ = {isa = PBXFileReference; explicitFileType = wrapper.cfbundle; includeInIndex = 0; path = omedetouUITests.xctest; sourceTree = BUILT_PRODUCTS_DIR; };
		8BE369CA2B9147CD00D501B2 /* omedetouUITests.swift */ = {isa = PBXFileReference; lastKnownFileType = sourcecode.swift; path = omedetouUITests.swift; sourceTree = "<group>"; };
		8BE369CC2B9147CD00D501B2 /* omedetouUITestsLaunchTests.swift */ = {isa = PBXFileReference; lastKnownFileType = sourcecode.swift; path = omedetouUITestsLaunchTests.swift; sourceTree = "<group>"; };
/* End PBXFileReference section */

/* Begin PBXFrameworksBuildPhase section */
		8BE369A92B9147CC00D501B2 /* Frameworks */ = {
			isa = PBXFrameworksBuildPhase;
			buildActionMask = 2147483647;
			files = (
			);
			runOnlyForDeploymentPostprocessing = 0;
		};
		8BE369B92B9147CD00D501B2 /* Frameworks */ = {
			isa = PBXFrameworksBuildPhase;
			buildActionMask = 2147483647;
			files = (
			);
			runOnlyForDeploymentPostprocessing = 0;
		};
		8BE369C32B9147CD00D501B2 /* Frameworks */ = {
			isa = PBXFrameworksBuildPhase;
			buildActionMask = 2147483647;
			files = (
			);
			runOnlyForDeploymentPostprocessing = 0;
		};
/* End PBXFrameworksBuildPhase section */

/* Begin PBXGroup section */
		8BE369A32B9147CC00D501B2 = {
			isa = PBXGroup;
			children = (
				8BE369AE2B9147CC00D501B2 /* omedetou */,
				8BE369BF2B9147CD00D501B2 /* omedetouTests */,
				8BE369C92B9147CD00D501B2 /* omedetouUITests */,
				8BE369AD2B9147CC00D501B2 /* Products */,
			);
			sourceTree = "<group>";
		};
		8BE369AD2B9147CC00D501B2 /* Products */ = {
			isa = PBXGroup;
			children = (
				8BE369AC2B9147CC00D501B2 /* omedetou.app */,
				8BE369BC2B9147CD00D501B2 /* omedetouTests.xctest */,
				8BE369C62B9147CD00D501B2 /* omedetouUITests.xctest */,
			);
			name = Products;
			sourceTree = "<group>";
		};
		8BE369AE2B9147CC00D501B2 /* omedetou */ = {
			isa = PBXGroup;
			children = (
				8BE369AF2B9147CC00D501B2 /* omedetouApp.swift */,
				8BE369B12B9147CC00D501B2 /* ContentView.swift */,
				8B191FDF2B91D0BE00277C0C /* GetJSON.swift */,
				8BE369B32B9147CD00D501B2 /* Assets.xcassets */,
				8BE369B52B9147CD00D501B2 /* Preview Content */,
			);
			path = omedetou;
			sourceTree = "<group>";
		};
		8BE369B52B9147CD00D501B2 /* Preview Content */ = {
			isa = PBXGroup;
			children = (
				8BE369B62B9147CD00D501B2 /* Preview Assets.xcassets */,
			);
			path = "Preview Content";
			sourceTree = "<group>";
		};
		8BE369BF2B9147CD00D501B2 /* omedetouTests */ = {
			isa = PBXGroup;
			children = (
				8BE369C02B9147CD00D501B2 /* omedetouTests.swift */,
			);
			path = omedetouTests;
			sourceTree = "<group>";
		};
		8BE369C92B9147CD00D501B2 /* omedetouUITests */ = {
			isa = PBXGroup;
			children = (
				8BE369CA2B9147CD00D501B2 /* omedetouUITests.swift */,
				8BE369CC2B9147CD00D501B2 /* omedetouUITestsLaunchTests.swift */,
			);
			path = omedetouUITests;
			sourceTree = "<group>";
		};
/* End PBXGroup section */

/* Begin PBXNativeTarget section */
		8BE369AB2B9147CC00D501B2 /* omedetou */ = {
			isa = PBXNativeTarget;
			buildConfigurationList = 8BE369D02B9147CD00D501B2 /* Build configuration list for PBXNativeTarget "omedetou" */;
			buildPhases = (
				8BE369A82B9147CC00D501B2 /* Sources */,
				8BE369A92B9147CC00D501B2 /* Frameworks */,
				8BE369AA2B9147CC00D501B2 /* Resources */,
			);
			buildRules = (
			);
			dependencies = (
			);
			name = omedetou;
			productName = omedetou;
			productReference = 8BE369AC2B9147CC00D501B2 /* omedetou.app */;
			productType = "com.apple.product-type.application";
		};
		8BE369BB2B9147CD00D501B2 /* omedetouTests */ = {
			isa = PBXNativeTarget;
			buildConfigurationList = 8BE369D32B9147CD00D501B2 /* Build configuration list for PBXNativeTarget "omedetouTests" */;
			buildPhases = (
				8BE369B82B9147CD00D501B2 /* Sources */,
				8BE369B92B9147CD00D501B2 /* Frameworks */,
				8BE369BA2B9147CD00D501B2 /* Resources */,
			);
			buildRules = (
			);
			dependencies = (
				8BE369BE2B9147CD00D501B2 /* PBXTargetDependency */,
			);
			name = omedetouTests;
			productName = omedetouTests;
			productReference = 8BE369BC2B9147CD00D501B2 /* omedetouTests.xctest */;
			productType = "com.apple.product-type.bundle.unit-test";
		};
		8BE369C52B9147CD00D501B2 /* omedetouUITests */ = {
			isa = PBXNativeTarget;
			buildConfigurationList = 8BE369D62B9147CD00D501B2 /* Build configuration list for PBXNativeTarget "omedetouUITests" */;
			buildPhases = (
				8BE369C22B9147CD00D501B2 /* Sources */,
				8BE369C32B9147CD00D501B2 /* Frameworks */,
				8BE369C42B9147CD00D501B2 /* Resources */,
			);
			buildRules = (
			);
			dependencies = (
				8BE369C82B9147CD00D501B2 /* PBXTargetDependency */,
			);
			name = omedetouUITests;
			productName = omedetouUITests;
			productReference = 8BE369C62B9147CD00D501B2 /* omedetouUITests.xctest */;
			productType = "com.apple.product-type.bundle.ui-testing";
		};
/* End PBXNativeTarget section */

/* Begin PBXProject section */
		8BE369A42B9147CC00D501B2 /* Project object */ = {
			isa = PBXProject;
			attributes = {
				BuildIndependentTargetsInParallel = 1;
				LastSwiftUpdateCheck = 1520;
				LastUpgradeCheck = 1520;
				TargetAttributes = {
					8BE369AB2B9147CC00D501B2 = {
						CreatedOnToolsVersion = 15.2;
					};
					8BE369BB2B9147CD00D501B2 = {
						CreatedOnToolsVersion = 15.2;
						TestTargetID = 8BE369AB2B9147CC00D501B2;
					};
					8BE369C52B9147CD00D501B2 = {
						CreatedOnToolsVersion = 15.2;
						TestTargetID = 8BE369AB2B9147CC00D501B2;
					};
				};
			};
			buildConfigurationList = 8BE369A72B9147CC00D501B2 /* Build configuration list for PBXProject "omedetou" */;
			compatibilityVersion = "Xcode 14.0";
			developmentRegion = en;
			hasScannedForEncodings = 0;
			knownRegions = (
				en,
				Base,
			);
			mainGroup = 8BE369A32B9147CC00D501B2;
			productRefGroup = 8BE369AD2B9147CC00D501B2 /* Products */;
			projectDirPath = "";
			projectRoot = "";
			targets = (
				8BE369AB2B9147CC00D501B2 /* omedetou */,
				8BE369BB2B9147CD00D501B2 /* omedetouTests */,
				8BE369C52B9147CD00D501B2 /* omedetouUITests */,
			);
		};
/* End PBXProject section */

/* Begin PBXResourcesBuildPhase section */
		8BE369AA2B9147CC00D501B2 /* Resources */ = {
			isa = PBXResourcesBuildPhase;
			buildActionMask = 2147483647;
			files = (
				8BE369B72B9147CD00D501B2 /* Preview Assets.xcassets in Resources */,
				8BE369B42B9147CD00D501B2 /* Assets.xcassets in Resources */,
			);
			runOnlyForDeploymentPostprocessing = 0;
		};
		8BE369BA2B9147CD00D501B2 /* Resources */ = {
			isa = PBXResourcesBuildPhase;
			buildActionMask = 2147483647;
			files = (
			);
			runOnlyForDeploymentPostprocessing = 0;
		};
		8BE369C42B9147CD00D501B2 /* Resources */ = {
			isa = PBXResourcesBuildPhase;
			buildActionMask = 2147483647;
			files = (
			);
			runOnlyForDeploymentPostprocessing = 0;
		};
/* End PBXResourcesBuildPhase section */

/* Begin PBXSourcesBuildPhase section */
		8BE369A82B9147CC00D501B2 /* Sources */ = {
			isa = PBXSourcesBuildPhase;
			buildActionMask = 2147483647;
			files = (
				8B191FE02B91D0BE00277C0C /* GetJSON.swift in Sources */,
				8BE369B22B9147CC00D501B2 /* ContentView.swift in Sources */,
				8BE369B02B9147CC00D501B2 /* omedetouApp.swift in Sources */,
			);
			runOnlyForDeploymentPostprocessing = 0;
		};
		8BE369B82B9147CD00D501B2 /* Sources */ = {
			isa = PBXSourcesBuildPhase;
			buildActionMask = 2147483647;
			files = (
				8BE369C12B9147CD00D501B2 /* omedetouTests.swift in Sources */,
			);
			runOnlyForDeploymentPostprocessing = 0;
		};
		8BE369C22B9147CD00D501B2 /* Sources */ = {
			isa = PBXSourcesBuildPhase;
			buildActionMask = 2147483647;
			files = (
				8BE369CD2B9147CD00D501B2 /* omedetouUITestsLaunchTests.swift in Sources */,
				8BE369CB2B9147CD00D501B2 /* omedetouUITests.swift in Sources */,
			);
			runOnlyForDeploymentPostprocessing = 0;
		};
/* End PBXSourcesBuildPhase section */

/* Begin PBXTargetDependency section */
		8BE369BE2B9147CD00D501B2 /* PBXTargetDependency */ = {
			isa = PBXTargetDependency;
			target = 8BE369AB2B9147CC00D501B2 /* omedetou */;
			targetProxy = 8BE369BD2B9147CD00D501B2 /* PBXContainerItemProxy */;
		};
		8BE369C82B9147CD00D501B2 /* PBXTargetDependency */ = {
			isa = PBXTargetDependency;
			target = 8BE369AB2B9147CC00D501B2 /* omedetou */;
			targetProxy = 8BE369C72B9147CD00D501B2 /* PBXContainerItemProxy */;
		};
/* End PBXTargetDependency section */

/* Begin XCBuildConfiguration section */
		8BE369CE2B9147CD00D501B2 /* Debug */ = {
			isa = XCBuildConfiguration;
			buildSettings = {
				ALWAYS_SEARCH_USER_PATHS = NO;
				ASSETCATALOG_COMPILER_GENERATE_SWIFT_ASSET_SYMBOL_EXTENSIONS = YES;
				CLANG_ANALYZER_NONNULL = YES;
				CLANG_ANALYZER_NUMBER_OBJECT_CONVERSION = YES_AGGRESSIVE;
				CLANG_CXX_LANGUAGE_STANDARD = "gnu++20";
				CLANG_ENABLE_MODULES = YES;
				CLANG_ENABLE_OBJC_ARC = YES;
				CLANG_ENABLE_OBJC_WEAK = YES;
				CLANG_WARN_BLOCK_CAPTURE_AUTORELEASING = YES;
				CLANG_WARN_BOOL_CONVERSION = YES;
				CLANG_WARN_COMMA = YES;
				CLANG_WARN_CONSTANT_CONVERSION = YES;
				CLANG_WARN_DEPRECATED_OBJC_IMPLEMENTATIONS = YES;
				CLANG_WARN_DIRECT_OBJC_ISA_USAGE = YES_ERROR;
				CLANG_WARN_DOCUMENTATION_COMMENTS = YES;
				CLANG_WARN_EMPTY_BODY = YES;
				CLANG_WARN_ENUM_CONVERSION = YES;
				CLANG_WARN_INFINITE_RECURSION = YES;
				CLANG_WARN_INT_CONVERSION = YES;
				CLANG_WARN_NON_LITERAL_NULL_CONVERSION = YES;
				CLANG_WARN_OBJC_IMPLICIT_RETAIN_SELF = YES;
				CLANG_WARN_OBJC_LITERAL_CONVERSION = YES;
				CLANG_WARN_OBJC_ROOT_CLASS = YES_ERROR;
				CLANG_WARN_QUOTED_INCLUDE_IN_FRAMEWORK_HEADER = YES;
				CLANG_WARN_RANGE_LOOP_ANALYSIS = YES;
				CLANG_WARN_STRICT_PROTOTYPES = YES;
				CLANG_WARN_SUSPICIOUS_MOVE = YES;
				CLANG_WARN_UNGUARDED_AVAILABILITY = YES_AGGRESSIVE;
				CLANG_WARN_UNREACHABLE_CODE = YES;
				CLANG_WARN__DUPLICATE_METHOD_MATCH = YES;
				COPY_PHASE_STRIP = NO;
				DEBUG_INFORMATION_FORMAT = dwarf;
				ENABLE_STRICT_OBJC_MSGSEND = YES;
				ENABLE_TESTABILITY = YES;
				ENABLE_USER_SCRIPT_SANDBOXING = YES;
				GCC_C_LANGUAGE_STANDARD = gnu17;
				GCC_DYNAMIC_NO_PIC = NO;
				GCC_NO_COMMON_BLOCKS = YES;
				GCC_OPTIMIZATION_LEVEL = 0;
				GCC_PREPROCESSOR_DEFINITIONS = (
					"DEBUG=1",
					"$(inherited)",
				);
				GCC_WARN_64_TO_32_BIT_CONVERSION = YES;
				GCC_WARN_ABOUT_RETURN_TYPE = YES_ERROR;
				GCC_WARN_UNDECLARED_SELECTOR = YES;
				GCC_WARN_UNINITIALIZED_AUTOS = YES_AGGRESSIVE;
				GCC_WARN_UNUSED_FUNCTION = YES;
				GCC_WARN_UNUSED_VARIABLE = YES;
				IPHONEOS_DEPLOYMENT_TARGET = 15.0;
				LOCALIZATION_PREFERS_STRING_CATALOGS = YES;
				MTL_ENABLE_DEBUG_INFO = INCLUDE_SOURCE;
				MTL_FAST_MATH = YES;
				ONLY_ACTIVE_ARCH = YES;
				SDKROOT = iphoneos;
				SWIFT_ACTIVE_COMPILATION_CONDITIONS = "DEBUG $(inherited)";
				SWIFT_OPTIMIZATION_LEVEL = "-Onone";
			};
			name = Debug;
		};
		8BE369CF2B9147CD00D501B2 /* Release */ = {
			isa = XCBuildConfiguration;
			buildSettings = {
				ALWAYS_SEARCH_USER_PATHS = NO;
				ASSETCATALOG_COMPILER_GENERATE_SWIFT_ASSET_SYMBOL_EXTENSIONS = YES;
				CLANG_ANALYZER_NONNULL = YES;
				CLANG_ANALYZER_NUMBER_OBJECT_CONVERSION = YES_AGGRESSIVE;
				CLANG_CXX_LANGUAGE_STANDARD = "gnu++20";
				CLANG_ENABLE_MODULES = YES;
				CLANG_ENABLE_OBJC_ARC = YES;
				CLANG_ENABLE_OBJC_WEAK = YES;
				CLANG_WARN_BLOCK_CAPTURE_AUTORELEASING = YES;
				CLANG_WARN_BOOL_CONVERSION = YES;
				CLANG_WARN_COMMA = YES;
				CLANG_WARN_CONSTANT_CONVERSION = YES;
				CLANG_WARN_DEPRECATED_OBJC_IMPLEMENTATIONS = YES;
				CLANG_WARN_DIRECT_OBJC_ISA_USAGE = YES_ERROR;
				CLANG_WARN_DOCUMENTATION_COMMENTS = YES;
				CLANG_WARN_EMPTY_BODY = YES;
				CLANG_WARN_ENUM_CONVERSION = YES;
				CLANG_WARN_INFINITE_RECURSION = YES;
				CLANG_WARN_INT_CONVERSION = YES;
				CLANG_WARN_NON_LITERAL_NULL_CONVERSION = YES;
				CLANG_WARN_OBJC_IMPLICIT_RETAIN_SELF = YES;
				CLANG_WARN_OBJC_LITERAL_CONVERSION = YES;
				CLANG_WARN_OBJC_ROOT_CLASS = YES_ERROR;
				CLANG_WARN_QUOTED_INCLUDE_IN_FRAMEWORK_HEADER = YES;
				CLANG_WARN_RANGE_LOOP_ANALYSIS = YES;
				CLANG_WARN_STRICT_PROTOTYPES = YES;
				CLANG_WARN_SUSPICIOUS_MOVE = YES;
				CLANG_WARN_UNGUARDED_AVAILABILITY = YES_AGGRESSIVE;
				CLANG_WARN_UNREACHABLE_CODE = YES;
				CLANG_WARN__DUPLICATE_METHOD_MATCH = YES;
				COPY_PHASE_STRIP = NO;
				DEBUG_INFORMATION_FORMAT = "dwarf-with-dsym";
				ENABLE_NS_ASSERTIONS = NO;
				ENABLE_STRICT_OBJC_MSGSEND = YES;
				ENABLE_USER_SCRIPT_SANDBOXING = YES;
				GCC_C_LANGUAGE_STANDARD = gnu17;
				GCC_NO_COMMON_BLOCKS = YES;
				GCC_WARN_64_TO_32_BIT_CONVERSION = YES;
				GCC_WARN_ABOUT_RETURN_TYPE = YES_ERROR;
				GCC_WARN_UNDECLARED_SELECTOR = YES;
				GCC_WARN_UNINITIALIZED_AUTOS = YES_AGGRESSIVE;
				GCC_WARN_UNUSED_FUNCTION = YES;
				GCC_WARN_UNUSED_VARIABLE = YES;
				IPHONEOS_DEPLOYMENT_TARGET = 15.0;
				LOCALIZATION_PREFERS_STRING_CATALOGS = YES;
				MTL_ENABLE_DEBUG_INFO = NO;
				MTL_FAST_MATH = YES;
				SDKROOT = iphoneos;
				SWIFT_COMPILATION_MODE = wholemodule;
				VALIDATE_PRODUCT = YES;
			};
			name = Release;
		};
		8BE369D12B9147CD00D501B2 /* Debug */ = {
			isa = XCBuildConfiguration;
			buildSettings = {
				ASSETCATALOG_COMPILER_APPICON_NAME = AppIcon;
				ASSETCATALOG_COMPILER_GLOBAL_ACCENT_COLOR_NAME = AccentColor;
				CODE_SIGN_STYLE = Automatic;
				CURRENT_PROJECT_VERSION = 2;
				DEVELOPMENT_ASSET_PATHS = "\"omedetou/Preview Content\"";
				DEVELOPMENT_TEAM = 5M784D869U;
				ENABLE_PREVIEWS = YES;
				GENERATE_INFOPLIST_FILE = YES;
				INFOPLIST_KEY_LSApplicationCategoryType = "public.app-category.lifestyle";
				INFOPLIST_KEY_UIApplicationSceneManifest_Generation = YES;
				INFOPLIST_KEY_UIApplicationSupportsIndirectInputEvents = YES;
				INFOPLIST_KEY_UILaunchScreen_Generation = YES;
				INFOPLIST_KEY_UISupportedInterfaceOrientations = UIInterfaceOrientationPortrait;
				INFOPLIST_KEY_UISupportedInterfaceOrientations_iPad = "UIInterfaceOrientationPortrait UIInterfaceOrientationPortraitUpsideDown";
				IPHONEOS_DEPLOYMENT_TARGET = 16.0;
				LD_RUNPATH_SEARCH_PATHS = (
					"$(inherited)",
					"@executable_path/Frameworks",
				);
				MARKETING_VERSION = 1.0;
				PRODUCT_BUNDLE_IDENTIFIER = xyz.parpok.omedetou;
				PRODUCT_NAME = "$(TARGET_NAME)";
				SUPPORTED_PLATFORMS = "iphoneos iphonesimulator";
				SUPPORTS_MACCATALYST = NO;
				SUPPORTS_MAC_DESIGNED_FOR_IPHONE_IPAD = NO;
				SUPPORTS_XR_DESIGNED_FOR_IPHONE_IPAD = NO;
				SWIFT_EMIT_LOC_STRINGS = YES;
				SWIFT_VERSION = 5.0;
				TARGETED_DEVICE_FAMILY = 1;
			};
			name = Debug;
		};
		8BE369D22B9147CD00D501B2 /* Release */ = {
			isa = XCBuildConfiguration;
			buildSettings = {
				ASSETCATALOG_COMPILER_APPICON_NAME = AppIcon;
				ASSETCATALOG_COMPILER_GLOBAL_ACCENT_COLOR_NAME = AccentColor;
				CODE_SIGN_STYLE = Automatic;
				CURRENT_PROJECT_VERSION = 2;
				DEVELOPMENT_ASSET_PATHS = "\"omedetou/Preview Content\"";
				DEVELOPMENT_TEAM = 5M784D869U;
				ENABLE_PREVIEWS = YES;
				GENERATE_INFOPLIST_FILE = YES;
				INFOPLIST_KEY_LSApplicationCategoryType = "public.app-category.lifestyle";
				INFOPLIST_KEY_UIApplicationSceneManifest_Generation = YES;
				INFOPLIST_KEY_UIApplicationSupportsIndirectInputEvents = YES;
				INFOPLIST_KEY_UILaunchScreen_Generation = YES;
				INFOPLIST_KEY_UISupportedInterfaceOrientations = UIInterfaceOrientationPortrait;
				INFOPLIST_KEY_UISupportedInterfaceOrientations_iPad = "UIInterfaceOrientationPortrait UIInterfaceOrientationPortraitUpsideDown";
				IPHONEOS_DEPLOYMENT_TARGET = 16.0;
				LD_RUNPATH_SEARCH_PATHS = (
					"$(inherited)",
					"@executable_path/Frameworks",
				);
				MARKETING_VERSION = 1.0;
				PRODUCT_BUNDLE_IDENTIFIER = xyz.parpok.omedetou;
				PRODUCT_NAME = "$(TARGET_NAME)";
				SUPPORTED_PLATFORMS = "iphoneos iphonesimulator";
				SUPPORTS_MACCATALYST = NO;
				SUPPORTS_MAC_DESIGNED_FOR_IPHONE_IPAD = NO;
				SUPPORTS_XR_DESIGNED_FOR_IPHONE_IPAD = NO;
				SWIFT_EMIT_LOC_STRINGS = YES;
				SWIFT_VERSION = 5.0;
				TARGETED_DEVICE_FAMILY = 1;
			};
			name = Release;
		};
		8BE369D42B9147CD00D501B2 /* Debug */ = {
			isa = XCBuildConfiguration;
			buildSettings = {
				ALWAYS_EMBED_SWIFT_STANDARD_LIBRARIES = YES;
				BUNDLE_LOADER = "$(TEST_HOST)";
				CODE_SIGN_STYLE = Automatic;
				CURRENT_PROJECT_VERSION = 1;
				DEVELOPMENT_TEAM = 5M784D869U;
				GENERATE_INFOPLIST_FILE = YES;
				IPHONEOS_DEPLOYMENT_TARGET = 17.2;
				MARKETING_VERSION = 1.0;
				PRODUCT_BUNDLE_IDENTIFIER = xyz.parpok.omedetouTests;
				PRODUCT_NAME = "$(TARGET_NAME)";
				SWIFT_EMIT_LOC_STRINGS = NO;
				SWIFT_VERSION = 5.0;
				TARGETED_DEVICE_FAMILY = "1,2";
				TEST_HOST = "$(BUILT_PRODUCTS_DIR)/omedetou.app/$(BUNDLE_EXECUTABLE_FOLDER_PATH)/omedetou";
			};
			name = Debug;
		};
		8BE369D52B9147CD00D501B2 /* Release */ = {
			isa = XCBuildConfiguration;
			buildSettings = {
				ALWAYS_EMBED_SWIFT_STANDARD_LIBRARIES = YES;
				BUNDLE_LOADER = "$(TEST_HOST)";
				CODE_SIGN_STYLE = Automatic;
				CURRENT_PROJECT_VERSION = 1;
				DEVELOPMENT_TEAM = 5M784D869U;
				GENERATE_INFOPLIST_FILE = YES;
				IPHONEOS_DEPLOYMENT_TARGET = 17.2;
				MARKETING_VERSION = 1.0;
				PRODUCT_BUNDLE_IDENTIFIER = xyz.parpok.omedetouTests;
				PRODUCT_NAME = "$(TARGET_NAME)";
				SWIFT_EMIT_LOC_STRINGS = NO;
				SWIFT_VERSION = 5.0;
				TARGETED_DEVICE_FAMILY = "1,2";
				TEST_HOST = "$(BUILT_PRODUCTS_DIR)/omedetou.app/$(BUNDLE_EXECUTABLE_FOLDER_PATH)/omedetou";
			};
			name = Release;
		};
		8BE369D72B9147CD00D501B2 /* Debug */ = {
			isa = XCBuildConfiguration;
			buildSettings = {
				ALWAYS_EMBED_SWIFT_STANDARD_LIBRARIES = YES;
				CODE_SIGN_STYLE = Automatic;
				CURRENT_PROJECT_VERSION = 1;
				DEVELOPMENT_TEAM = 5M784D869U;
				GENERATE_INFOPLIST_FILE = YES;
				MARKETING_VERSION = 1.0;
				PRODUCT_BUNDLE_IDENTIFIER = xyz.parpok.omedetouUITests;
				PRODUCT_NAME = "$(TARGET_NAME)";
				SWIFT_EMIT_LOC_STRINGS = NO;
				SWIFT_VERSION = 5.0;
				TARGETED_DEVICE_FAMILY = "1,2";
				TEST_TARGET_NAME = omedetou;
			};
			name = Debug;
		};
		8BE369D82B9147CD00D501B2 /* Release */ = {
			isa = XCBuildConfiguration;
			buildSettings = {
				ALWAYS_EMBED_SWIFT_STANDARD_LIBRARIES = YES;
				CODE_SIGN_STYLE = Automatic;
				CURRENT_PROJECT_VERSION = 1;
				DEVELOPMENT_TEAM = 5M784D869U;
				GENERATE_INFOPLIST_FILE = YES;
				MARKETING_VERSION = 1.0;
				PRODUCT_BUNDLE_IDENTIFIER = xyz.parpok.omedetouUITests;
				PRODUCT_NAME = "$(TARGET_NAME)";
				SWIFT_EMIT_LOC_STRINGS = NO;
				SWIFT_VERSION = 5.0;
				TARGETED_DEVICE_FAMILY = "1,2";
				TEST_TARGET_NAME = omedetou;
			};
			name = Release;
		};
/* End XCBuildConfiguration section */

/* Begin XCConfigurationList section */
		8BE369A72B9147CC00D501B2 /* Build configuration list for PBXProject "omedetou" */ = {
			isa = XCConfigurationList;
			buildConfigurations = (
				8BE369CE2B9147CD00D501B2 /* Debug */,
				8BE369CF2B9147CD00D501B2 /* Release */,
			);
			defaultConfigurationIsVisible = 0;
			defaultConfigurationName = Release;
		};
		8BE369D02B9147CD00D501B2 /* Build configuration list for PBXNativeTarget "omedetou" */ = {
			isa = XCConfigurationList;
			buildConfigurations = (
				8BE369D12B9147CD00D501B2 /* Debug */,
				8BE369D22B9147CD00D501B2 /* Release */,
			);
			defaultConfigurationIsVisible = 0;
			defaultConfigurationName = Release;
		};
		8BE369D32B9147CD00D501B2 /* Build configuration list for PBXNativeTarget "omedetouTests" */ = {
			isa = XCConfigurationList;
			buildConfigurations = (
				8BE369D42B9147CD00D501B2 /* Debug */,
				8BE369D52B9147CD00D501B2 /* Release */,
			);
			defaultConfigurationIsVisible = 0;
			defaultConfigurationName = Release;
		};
		8BE369D62B9147CD00D501B2 /* Build configuration list for PBXNativeTarget "omedetouUITests" */ = {
			isa = XCConfigurationList;
			buildConfigurations = (
				8BE369D72B9147CD00D501B2 /* Debug */,
				8BE369D82B9147CD00D501B2 /* Release */,
			);
			defaultConfigurationIsVisible = 0;
			defaultConfigurationName = Release;
		};
/* End XCConfigurationList section */
	};
	rootObject = 8BE369A42B9147CC00D501B2 /* Project object */;
}
